
Microsoft Visual Studio Solution File, Format Version 11.00
# Visual Studio 2010
Project("{FAE04EC0-301F-11D3-BF4B-00C04F79EFBC}") = "Clase1027", "Assembly-CSharp.csproj", "{40703C52-0070-8E3F-94AC-BCE5BCBC6586}"
EndProject
Global
	GlobalSection(SolutionConfigurationPlatforms) = preSolution
		Debug|Any CPU = Debug|Any CPU
		Release|Any CPU = Release|Any CPU
	EndGlobalSection
	GlobalSection(ProjectConfigurationPlatforms) = postSolution
		{40703C52-0070-8E3F-94AC-BCE5BCBC6586}.Debug|Any CPU.ActiveCfg = Debug|Any CPU
		{40703C52-0070-8E3F-94AC-BCE5BCBC6586}.Debug|Any CPU.Build.0 = Debug|Any CPU
		{40703C52-0070-8E3F-94AC-BCE5BCBC6586}.Release|Any CPU.ActiveCfg = Release|Any CPU
		{40703C52-0070-8E3F-94AC-BCE5BCBC6586}.Release|Any CPU.Build.0 = Release|Any CPU
	EndGlobalSection
	GlobalSection(SolutionProperties) = preSolution
		HideSolutionNode = FALSE
	EndGlobalSection
	GlobalSection(MonoDevelopProperties) = preSolution
		StartupItem = Assembly-CSharp.csproj
	EndGlobalSection
EndGlobal
